
Microsoft Visual Studio Solution File, Format Version 12.00
# Visual Studio 14
VisualStudioVersion = 14.0.25420.1
MinimumVisualStudioVersion = 10.0.40219.1
Project("{8BC9CEB8-8B4A-11D0-8D11-00A0C91BC942}") = "BasicUsageEnvironment", "BasicUsageEnvironment\BasicUsageEnvironment.vcxproj", "{01984B43-883E-4487-9272-AD7C0A255D90}"
EndProject
Project("{8BC9CEB8-8B4A-11D0-8D11-00A0C91BC942}") = "groupsock", "groupsock\groupsock.vcxproj", "{8AA8D4C7-7D6D-4198-98BC-D78A4C0A8AB8}"
EndProject
Project("{8BC9CEB8-8B4A-11D0-8D11-00A0C91BC942}") = "liveMedia", "liveMedia\liveMedia.vcxproj", "{E14AA04B-5D7F-4351-8403-D196F1EEBA52}"
EndProject
Project("{8BC9CEB8-8B4A-11D0-8D11-00A0C91BC942}") = "mediaServer", "mediaServer\mediaServer.vcxproj", "{F2890C47-8B50-4556-82B0-EC525714AE6E}"
	ProjectSection(ProjectDependencies) = postProject
		{01984B43-883E-4487-9272-AD7C0A255D90} = {01984B43-883E-4487-9272-AD7C0A255D90}
		{C05EB545-6768-4F36-B436-112B5EF1B5C4} = {C05EB545-6768-4F36-B436-112B5EF1B5C4}
		{E14AA04B-5D7F-4351-8403-D196F1EEBA52} = {E14AA04B-5D7F-4351-8403-D196F1EEBA52}
		{8AA8D4C7-7D6D-4198-98BC-D78A4C0A8AB8} = {8AA8D4C7-7D6D-4198-98BC-D78A4C0A8AB8}
	EndProjectSection
EndProject
Project("{8BC9CEB8-8B4A-11D0-8D11-00A0C91BC942}") = "proxyServer", "proxyServer\proxyServer.vcxproj", "{2F465034-738D-47C2-BA79-F931874C7B95}"
	ProjectSection(ProjectDependencies) = postProject
		{01984B43-883E-4487-9272-AD7C0A255D90} = {01984B43-883E-4487-9272-AD7C0A255D90}
		{C05EB545-6768-4F36-B436-112B5EF1B5C4} = {C05EB545-6768-4F36-B436-112B5EF1B5C4}
		{E14AA04B-5D7F-4351-8403-D196F1EEBA52} = {E14AA04B-5D7F-4351-8403-D196F1EEBA52}
		{8AA8D4C7-7D6D-4198-98BC-D78A4C0A8AB8} = {8AA8D4C7-7D6D-4198-98BC-D78A4C0A8AB8}
	EndProjectSection
EndProject
Project("{2150E333-8FDC-42A3-9474-1A3956D46DE8}") = "testProgs", "testProgs", "{C509A009-A1C6-4774-94D6-5E65A28854A7}"
EndProject
Project("{8BC9CEB8-8B4A-11D0-8D11-00A0C91BC942}") = "UsageEnvironment", "UsageEnvironment\UsageEnvironment.vcxproj", "{C05EB545-6768-4F36-B436-112B5EF1B5C4}"
EndProject
Project("{8BC9CEB8-8B4A-11D0-8D11-00A0C91BC942}") = "WindowsAudioInputDevice_Mixer", "WindowsAudioInputDevice_Mixer\WindowsAudioInputDevice_Mixer.vcxproj", "{186D9E4C-F9B4-4C35-B864-2FD7FE7C6E44}"
	ProjectSection(ProjectDependencies) = postProject
		{01984B43-883E-4487-9272-AD7C0A255D90} = {01984B43-883E-4487-9272-AD7C0A255D90}
		{C05EB545-6768-4F36-B436-112B5EF1B5C4} = {C05EB545-6768-4F36-B436-112B5EF1B5C4}
		{E14AA04B-5D7F-4351-8403-D196F1EEBA52} = {E14AA04B-5D7F-4351-8403-D196F1EEBA52}
		{8AA8D4C7-7D6D-4198-98BC-D78A4C0A8AB8} = {8AA8D4C7-7D6D-4198-98BC-D78A4C0A8AB8}
	EndProjectSection
EndProject
Project("{8BC9CEB8-8B4A-11D0-8D11-00A0C91BC942}") = "WindowsAudioInputDevice_noMixer", "WindowsAudioInputDevice_noMixer\WindowsAudioInputDevice_noMixer.vcxproj", "{D841B42B-9E98-4737-BECA-6AC0F7FB0BE2}"
	ProjectSection(ProjectDependencies) = postProject
		{01984B43-883E-4487-9272-AD7C0A255D90} = {01984B43-883E-4487-9272-AD7C0A255D90}
		{C05EB545-6768-4F36-B436-112B5EF1B5C4} = {C05EB545-6768-4F36-B436-112B5EF1B5C4}
		{E14AA04B-5D7F-4351-8403-D196F1EEBA52} = {E14AA04B-5D7F-4351-8403-D196F1EEBA52}
		{8AA8D4C7-7D6D-4198-98BC-D78A4C0A8AB8} = {8AA8D4C7-7D6D-4198-98BC-D78A4C0A8AB8}
	EndProjectSection
EndProject
Project("{8BC9CEB8-8B4A-11D0-8D11-00A0C91BC942}") = "MPEG2TransportStreamIndexer", "testProgs\MPEG2TransportStreamIndexer.vcxproj", "{F3692FDA-370B-46B8-81E9-13927FDEAEA0}"
	ProjectSection(ProjectDependencies) = postProject
		{01984B43-883E-4487-9272-AD7C0A255D90} = {01984B43-883E-4487-9272-AD7C0A255D90}
		{C05EB545-6768-4F36-B436-112B5EF1B5C4} = {C05EB545-6768-4F36-B436-112B5EF1B5C4}
		{E14AA04B-5D7F-4351-8403-D196F1EEBA52} = {E14AA04B-5D7F-4351-8403-D196F1EEBA52}
		{8AA8D4C7-7D6D-4198-98BC-D78A4C0A8AB8} = {8AA8D4C7-7D6D-4198-98BC-D78A4C0A8AB8}
	EndProjectSection
EndProject
Project("{8BC9CEB8-8B4A-11D0-8D11-00A0C91BC942}") = "playCommon_RTSP", "testProgs\playCommon_RTSP.vcxproj", "{3142CD36-11A8-4426-B2CF-7B2B62835DCD}"
	ProjectSection(ProjectDependencies) = postProject
		{01984B43-883E-4487-9272-AD7C0A255D90} = {01984B43-883E-4487-9272-AD7C0A255D90}
		{C05EB545-6768-4F36-B436-112B5EF1B5C4} = {C05EB545-6768-4F36-B436-112B5EF1B5C4}
		{E14AA04B-5D7F-4351-8403-D196F1EEBA52} = {E14AA04B-5D7F-4351-8403-D196F1EEBA52}
		{8AA8D4C7-7D6D-4198-98BC-D78A4C0A8AB8} = {8AA8D4C7-7D6D-4198-98BC-D78A4C0A8AB8}
	EndProjectSection
EndProject
Project("{8BC9CEB8-8B4A-11D0-8D11-00A0C91BC942}") = "playCommon_SIP", "testProgs\playCommon_SIP.vcxproj", "{AB8A6709-2590-41F8-B79D-062978941F93}"
	ProjectSection(ProjectDependencies) = postProject
		{01984B43-883E-4487-9272-AD7C0A255D90} = {01984B43-883E-4487-9272-AD7C0A255D90}
		{C05EB545-6768-4F36-B436-112B5EF1B5C4} = {C05EB545-6768-4F36-B436-112B5EF1B5C4}
		{E14AA04B-5D7F-4351-8403-D196F1EEBA52} = {E14AA04B-5D7F-4351-8403-D196F1EEBA52}
		{8AA8D4C7-7D6D-4198-98BC-D78A4C0A8AB8} = {8AA8D4C7-7D6D-4198-98BC-D78A4C0A8AB8}
	EndProjectSection
EndProject
Project("{8BC9CEB8-8B4A-11D0-8D11-00A0C91BC942}") = "registerRTSPStream", "testProgs\registerRTSPStream.vcxproj", "{F865BDDC-9E9F-4CA8-938D-2271E66DFD72}"
	ProjectSection(ProjectDependencies) = postProject
		{01984B43-883E-4487-9272-AD7C0A255D90} = {01984B43-883E-4487-9272-AD7C0A255D90}
		{C05EB545-6768-4F36-B436-112B5EF1B5C4} = {C05EB545-6768-4F36-B436-112B5EF1B5C4}
		{E14AA04B-5D7F-4351-8403-D196F1EEBA52} = {E14AA04B-5D7F-4351-8403-D196F1EEBA52}
		{8AA8D4C7-7D6D-4198-98BC-D78A4C0A8AB8} = {8AA8D4C7-7D6D-4198-98BC-D78A4C0A8AB8}
	EndProjectSection
EndProject
Project("{8BC9CEB8-8B4A-11D0-8D11-00A0C91BC942}") = "sapWatch", "testProgs\sapWatch.vcxproj", "{05E744B9-BAC5-4284-A9C3-E0BDFE415749}"
	ProjectSection(ProjectDependencies) = postProject
		{01984B43-883E-4487-9272-AD7C0A255D90} = {01984B43-883E-4487-9272-AD7C0A255D90}
		{C05EB545-6768-4F36-B436-112B5EF1B5C4} = {C05EB545-6768-4F36-B436-112B5EF1B5C4}
		{E14AA04B-5D7F-4351-8403-D196F1EEBA52} = {E14AA04B-5D7F-4351-8403-D196F1EEBA52}
		{8AA8D4C7-7D6D-4198-98BC-D78A4C0A8AB8} = {8AA8D4C7-7D6D-4198-98BC-D78A4C0A8AB8}
	EndProjectSection
EndProject
Project("{8BC9CEB8-8B4A-11D0-8D11-00A0C91BC942}") = "testAMRAudioStreamer", "testProgs\testAMRAudioStreamer.vcxproj", "{A225FBE8-8D70-4891-AEC8-E80C5BA3C55B}"
	ProjectSection(ProjectDependencies) = postProject
		{01984B43-883E-4487-9272-AD7C0A255D90} = {01984B43-883E-4487-9272-AD7C0A255D90}
		{C05EB545-6768-4F36-B436-112B5EF1B5C4} = {C05EB545-6768-4F36-B436-112B5EF1B5C4}
		{E14AA04B-5D7F-4351-8403-D196F1EEBA52} = {E14AA04B-5D7F-4351-8403-D196F1EEBA52}
		{8AA8D4C7-7D6D-4198-98BC-D78A4C0A8AB8} = {8AA8D4C7-7D6D-4198-98BC-D78A4C0A8AB8}
	EndProjectSection
EndProject
Project("{8BC9CEB8-8B4A-11D0-8D11-00A0C91BC942}") = "testDVVideoStreamer", "testProgs\testDVVideoStreamer.vcxproj", "{C96F8036-1693-4C5F-9E7D-3CAF5EFDAC4D}"
	ProjectSection(ProjectDependencies) = postProject
		{01984B43-883E-4487-9272-AD7C0A255D90} = {01984B43-883E-4487-9272-AD7C0A255D90}
		{C05EB545-6768-4F36-B436-112B5EF1B5C4} = {C05EB545-6768-4F36-B436-112B5EF1B5C4}
		{E14AA04B-5D7F-4351-8403-D196F1EEBA52} = {E14AA04B-5D7F-4351-8403-D196F1EEBA52}
		{8AA8D4C7-7D6D-4198-98BC-D78A4C0A8AB8} = {8AA8D4C7-7D6D-4198-98BC-D78A4C0A8AB8}
	EndProjectSection
EndProject
Project("{8BC9CEB8-8B4A-11D0-8D11-00A0C91BC942}") = "testGSMStreamer", "testProgs\testGSMStreamer.vcxproj", "{69B996D6-3F81-41BE-ADA3-45AF0F857100}"
	ProjectSection(ProjectDependencies) = postProject
		{01984B43-883E-4487-9272-AD7C0A255D90} = {01984B43-883E-4487-9272-AD7C0A255D90}
		{C05EB545-6768-4F36-B436-112B5EF1B5C4} = {C05EB545-6768-4F36-B436-112B5EF1B5C4}
		{E14AA04B-5D7F-4351-8403-D196F1EEBA52} = {E14AA04B-5D7F-4351-8403-D196F1EEBA52}
		{8AA8D4C7-7D6D-4198-98BC-D78A4C0A8AB8} = {8AA8D4C7-7D6D-4198-98BC-D78A4C0A8AB8}
	EndProjectSection
EndProject
Project("{8BC9CEB8-8B4A-11D0-8D11-00A0C91BC942}") = "testH264VideoStreamer", "testProgs\testH264VideoStreamer.vcxproj", "{AD3AE586-0249-4BB9-9E25-421997C886E2}"
	ProjectSection(ProjectDependencies) = postProject
		{01984B43-883E-4487-9272-AD7C0A255D90} = {01984B43-883E-4487-9272-AD7C0A255D90}
		{C05EB545-6768-4F36-B436-112B5EF1B5C4} = {C05EB545-6768-4F36-B436-112B5EF1B5C4}
		{E14AA04B-5D7F-4351-8403-D196F1EEBA52} = {E14AA04B-5D7F-4351-8403-D196F1EEBA52}
		{8AA8D4C7-7D6D-4198-98BC-D78A4C0A8AB8} = {8AA8D4C7-7D6D-4198-98BC-D78A4C0A8AB8}
	EndProjectSection
EndProject
Project("{8BC9CEB8-8B4A-11D0-8D11-00A0C91BC942}") = "testH264VideoToTransportStream", "testProgs\testH264VideoToTransportStream.vcxproj", "{8BFA53C0-D989-4DF1-BC50-E683024453B9}"
	ProjectSection(ProjectDependencies) = postProject
		{01984B43-883E-4487-9272-AD7C0A255D90} = {01984B43-883E-4487-9272-AD7C0A255D90}
		{C05EB545-6768-4F36-B436-112B5EF1B5C4} = {C05EB545-6768-4F36-B436-112B5EF1B5C4}
		{E14AA04B-5D7F-4351-8403-D196F1EEBA52} = {E14AA04B-5D7F-4351-8403-D196F1EEBA52}
		{8AA8D4C7-7D6D-4198-98BC-D78A4C0A8AB8} = {8AA8D4C7-7D6D-4198-98BC-D78A4C0A8AB8}
	EndProjectSection
EndProject
Project("{8BC9CEB8-8B4A-11D0-8D11-00A0C91BC942}") = "testH265VideoStreamer", "testProgs\testH265VideoStreamer.vcxproj", "{F8365141-3C35-48F9-BF87-3927570A11A2}"
	ProjectSection(ProjectDependencies) = postProject
		{01984B43-883E-4487-9272-AD7C0A255D90} = {01984B43-883E-4487-9272-AD7C0A255D90}
		{C05EB545-6768-4F36-B436-112B5EF1B5C4} = {C05EB545-6768-4F36-B436-112B5EF1B5C4}
		{E14AA04B-5D7F-4351-8403-D196F1EEBA52} = {E14AA04B-5D7F-4351-8403-D196F1EEBA52}
		{8AA8D4C7-7D6D-4198-98BC-D78A4C0A8AB8} = {8AA8D4C7-7D6D-4198-98BC-D78A4C0A8AB8}
	EndProjectSection
EndProject
Project("{8BC9CEB8-8B4A-11D0-8D11-00A0C91BC942}") = "testH265VideoToTransportStream", "testProgs\testH265VideoToTransportStream.vcxproj", "{916EBEA9-713D-4F5E-AD4B-E6329B147FA4}"
	ProjectSection(ProjectDependencies) = postProject
		{01984B43-883E-4487-9272-AD7C0A255D90} = {01984B43-883E-4487-9272-AD7C0A255D90}
		{C05EB545-6768-4F36-B436-112B5EF1B5C4} = {C05EB545-6768-4F36-B436-112B5EF1B5C4}
		{E14AA04B-5D7F-4351-8403-D196F1EEBA52} = {E14AA04B-5D7F-4351-8403-D196F1EEBA52}
		{8AA8D4C7-7D6D-4198-98BC-D78A4C0A8AB8} = {8AA8D4C7-7D6D-4198-98BC-D78A4C0A8AB8}
	EndProjectSection
EndProject
Project("{8BC9CEB8-8B4A-11D0-8D11-00A0C91BC942}") = "testMKVStreamer", "testProgs\testMKVStreamer.vcxproj", "{8E1CA2DB-481E-4C17-8FCF-63CF55776F41}"
	ProjectSection(ProjectDependencies) = postProject
		{01984B43-883E-4487-9272-AD7C0A255D90} = {01984B43-883E-4487-9272-AD7C0A255D90}
		{C05EB545-6768-4F36-B436-112B5EF1B5C4} = {C05EB545-6768-4F36-B436-112B5EF1B5C4}
		{E14AA04B-5D7F-4351-8403-D196F1EEBA52} = {E14AA04B-5D7F-4351-8403-D196F1EEBA52}
		{8AA8D4C7-7D6D-4198-98BC-D78A4C0A8AB8} = {8AA8D4C7-7D6D-4198-98BC-D78A4C0A8AB8}
	EndProjectSection
EndProject
Project("{8BC9CEB8-8B4A-11D0-8D11-00A0C91BC942}") = "testMP3Receiver", "testProgs\testMP3Receiver.vcxproj", "{5ECA0A73-3A7C-4488-9A5C-7B5448F2D8DD}"
	ProjectSection(ProjectDependencies) = postProject
		{01984B43-883E-4487-9272-AD7C0A255D90} = {01984B43-883E-4487-9272-AD7C0A255D90}
		{C05EB545-6768-4F36-B436-112B5EF1B5C4} = {C05EB545-6768-4F36-B436-112B5EF1B5C4}
		{E14AA04B-5D7F-4351-8403-D196F1EEBA52} = {E14AA04B-5D7F-4351-8403-D196F1EEBA52}
		{8AA8D4C7-7D6D-4198-98BC-D78A4C0A8AB8} = {8AA8D4C7-7D6D-4198-98BC-D78A4C0A8AB8}
	EndProjectSection
EndProject
Project("{8BC9CEB8-8B4A-11D0-8D11-00A0C91BC942}") = "testMP3Streamer", "testProgs\testMP3Streamer.vcxproj", "{3E0C6F44-F335-4F41-AAF5-8C23D40BA39E}"
	ProjectSection(ProjectDependencies) = postProject
		{01984B43-883E-4487-9272-AD7C0A255D90} = {01984B43-883E-4487-9272-AD7C0A255D90}
		{C05EB545-6768-4F36-B436-112B5EF1B5C4} = {C05EB545-6768-4F36-B436-112B5EF1B5C4}
		{E14AA04B-5D7F-4351-8403-D196F1EEBA52} = {E14AA04B-5D7F-4351-8403-D196F1EEBA52}
		{8AA8D4C7-7D6D-4198-98BC-D78A4C0A8AB8} = {8AA8D4C7-7D6D-4198-98BC-D78A4C0A8AB8}
	EndProjectSection
EndProject
Project("{8BC9CEB8-8B4A-11D0-8D11-00A0C91BC942}") = "testMPEG1or2AudioVideoStreamer", "testProgs\testMPEG1or2AudioVideoStreamer.vcxproj", "{AC0AB067-7351-4C67-A077-ACBA98D4F8BF}"
	ProjectSection(ProjectDependencies) = postProject
		{01984B43-883E-4487-9272-AD7C0A255D90} = {01984B43-883E-4487-9272-AD7C0A255D90}
		{C05EB545-6768-4F36-B436-112B5EF1B5C4} = {C05EB545-6768-4F36-B436-112B5EF1B5C4}
		{E14AA04B-5D7F-4351-8403-D196F1EEBA52} = {E14AA04B-5D7F-4351-8403-D196F1EEBA52}
		{8AA8D4C7-7D6D-4198-98BC-D78A4C0A8AB8} = {8AA8D4C7-7D6D-4198-98BC-D78A4C0A8AB8}
	EndProjectSection
EndProject
Project("{8BC9CEB8-8B4A-11D0-8D11-00A0C91BC942}") = "testMPEG1or2ProgramToTransportStream", "testProgs\testMPEG1or2ProgramToTransportStream.vcxproj", "{6E4B6C7F-AF1A-4FD0-9288-CC0CC1BFB060}"
	ProjectSection(ProjectDependencies) = postProject
		{01984B43-883E-4487-9272-AD7C0A255D90} = {01984B43-883E-4487-9272-AD7C0A255D90}
		{C05EB545-6768-4F36-B436-112B5EF1B5C4} = {C05EB545-6768-4F36-B436-112B5EF1B5C4}
		{E14AA04B-5D7F-4351-8403-D196F1EEBA52} = {E14AA04B-5D7F-4351-8403-D196F1EEBA52}
		{8AA8D4C7-7D6D-4198-98BC-D78A4C0A8AB8} = {8AA8D4C7-7D6D-4198-98BC-D78A4C0A8AB8}
	EndProjectSection
EndProject
Project("{8BC9CEB8-8B4A-11D0-8D11-00A0C91BC942}") = "testMPEG1or2Splitter", "testProgs\testMPEG1or2Splitter.vcxproj", "{87C6DF01-712C-4A00-9092-C54A4490CF8B}"
	ProjectSection(ProjectDependencies) = postProject
		{01984B43-883E-4487-9272-AD7C0A255D90} = {01984B43-883E-4487-9272-AD7C0A255D90}
		{C05EB545-6768-4F36-B436-112B5EF1B5C4} = {C05EB545-6768-4F36-B436-112B5EF1B5C4}
		{E14AA04B-5D7F-4351-8403-D196F1EEBA52} = {E14AA04B-5D7F-4351-8403-D196F1EEBA52}
		{8AA8D4C7-7D6D-4198-98BC-D78A4C0A8AB8} = {8AA8D4C7-7D6D-4198-98BC-D78A4C0A8AB8}
	EndProjectSection
EndProject
Project("{8BC9CEB8-8B4A-11D0-8D11-00A0C91BC942}") = "testMPEG1or2VideoReceiver", "testProgs\testMPEG1or2VideoReceiver.vcxproj", "{0924235D-D79D-4513-8E07-B107B312E49A}"
	ProjectSection(ProjectDependencies) = postProject
		{01984B43-883E-4487-9272-AD7C0A255D90} = {01984B43-883E-4487-9272-AD7C0A255D90}
		{C05EB545-6768-4F36-B436-112B5EF1B5C4} = {C05EB545-6768-4F36-B436-112B5EF1B5C4}
		{E14AA04B-5D7F-4351-8403-D196F1EEBA52} = {E14AA04B-5D7F-4351-8403-D196F1EEBA52}
		{8AA8D4C7-7D6D-4198-98BC-D78A4C0A8AB8} = {8AA8D4C7-7D6D-4198-98BC-D78A4C0A8AB8}
	EndProjectSection
EndProject
Project("{8BC9CEB8-8B4A-11D0-8D11-00A0C91BC942}") = "testMPEG1or2VideoStreamer", "testProgs\testMPEG1or2VideoStreamer.vcxproj", "{8C14096D-F04B-4BBE-9574-72CC9F57FFE8}"
	ProjectSection(ProjectDependencies) = postProject
		{01984B43-883E-4487-9272-AD7C0A255D90} = {01984B43-883E-4487-9272-AD7C0A255D90}
		{C05EB545-6768-4F36-B436-112B5EF1B5C4} = {C05EB545-6768-4F36-B436-112B5EF1B5C4}
		{E14AA04B-5D7F-4351-8403-D196F1EEBA52} = {E14AA04B-5D7F-4351-8403-D196F1EEBA52}
		{8AA8D4C7-7D6D-4198-98BC-D78A4C0A8AB8} = {8AA8D4C7-7D6D-4198-98BC-D78A4C0A8AB8}
	EndProjectSection
EndProject
Project("{8BC9CEB8-8B4A-11D0-8D11-00A0C91BC942}") = "testMPEG2TransportReceiver", "testProgs\testMPEG2TransportReceiver.vcxproj", "{0965AE4B-01B2-4EF6-B3FD-42E821C9E156}"
	ProjectSection(ProjectDependencies) = postProject
		{01984B43-883E-4487-9272-AD7C0A255D90} = {01984B43-883E-4487-9272-AD7C0A255D90}
		{C05EB545-6768-4F36-B436-112B5EF1B5C4} = {C05EB545-6768-4F36-B436-112B5EF1B5C4}
		{E14AA04B-5D7F-4351-8403-D196F1EEBA52} = {E14AA04B-5D7F-4351-8403-D196F1EEBA52}
		{8AA8D4C7-7D6D-4198-98BC-D78A4C0A8AB8} = {8AA8D4C7-7D6D-4198-98BC-D78A4C0A8AB8}
	EndProjectSection
EndProject
Project("{8BC9CEB8-8B4A-11D0-8D11-00A0C91BC942}") = "testMPEG2TransportStreamer", "testProgs\testMPEG2TransportStreamer.vcxproj", "{015E133E-BED6-4954-90D7-BC5BBB13A725}"
	ProjectSection(ProjectDependencies) = postProject
		{01984B43-883E-4487-9272-AD7C0A255D90} = {01984B43-883E-4487-9272-AD7C0A255D90}
		{C05EB545-6768-4F36-B436-112B5EF1B5C4} = {C05EB545-6768-4F36-B436-112B5EF1B5C4}
		{E14AA04B-5D7F-4351-8403-D196F1EEBA52} = {E14AA04B-5D7F-4351-8403-D196F1EEBA52}
		{8AA8D4C7-7D6D-4198-98BC-D78A4C0A8AB8} = {8AA8D4C7-7D6D-4198-98BC-D78A4C0A8AB8}
	EndProjectSection
EndProject
Project("{8BC9CEB8-8B4A-11D0-8D11-00A0C91BC942}") = "testMPEG2TransportStreamTrickPlay", "testProgs\testMPEG2TransportStreamTrickPlay.vcxproj", "{BC2BD2B4-AA30-4882-B195-385B9928ABB6}"
	ProjectSection(ProjectDependencies) = postProject
		{01984B43-883E-4487-9272-AD7C0A255D90} = {01984B43-883E-4487-9272-AD7C0A255D90}
		{C05EB545-6768-4F36-B436-112B5EF1B5C4} = {C05EB545-6768-4F36-B436-112B5EF1B5C4}
		{E14AA04B-5D7F-4351-8403-D196F1EEBA52} = {E14AA04B-5D7F-4351-8403-D196F1EEBA52}
		{8AA8D4C7-7D6D-4198-98BC-D78A4C0A8AB8} = {8AA8D4C7-7D6D-4198-98BC-D78A4C0A8AB8}
	EndProjectSection
EndProject
Project("{8BC9CEB8-8B4A-11D0-8D11-00A0C91BC942}") = "testMPEG4VideoStreamer", "testProgs\testMPEG4VideoStreamer.vcxproj", "{BDB69E0A-472F-4844-AC8B-85F11D469DB8}"
	ProjectSection(ProjectDependencies) = postProject
		{01984B43-883E-4487-9272-AD7C0A255D90} = {01984B43-883E-4487-9272-AD7C0A255D90}
		{C05EB545-6768-4F36-B436-112B5EF1B5C4} = {C05EB545-6768-4F36-B436-112B5EF1B5C4}
		{E14AA04B-5D7F-4351-8403-D196F1EEBA52} = {E14AA04B-5D7F-4351-8403-D196F1EEBA52}
		{8AA8D4C7-7D6D-4198-98BC-D78A4C0A8AB8} = {8AA8D4C7-7D6D-4198-98BC-D78A4C0A8AB8}
	EndProjectSection
EndProject
Project("{8BC9CEB8-8B4A-11D0-8D11-00A0C91BC942}") = "testOnDemandRTSPServer", "testProgs\testOnDemandRTSPServer.vcxproj", "{566D7374-4097-46B0-B1EB-74F314425F46}"
	ProjectSection(ProjectDependencies) = postProject
		{01984B43-883E-4487-9272-AD7C0A255D90} = {01984B43-883E-4487-9272-AD7C0A255D90}
		{C05EB545-6768-4F36-B436-112B5EF1B5C4} = {C05EB545-6768-4F36-B436-112B5EF1B5C4}
		{E14AA04B-5D7F-4351-8403-D196F1EEBA52} = {E14AA04B-5D7F-4351-8403-D196F1EEBA52}
		{8AA8D4C7-7D6D-4198-98BC-D78A4C0A8AB8} = {8AA8D4C7-7D6D-4198-98BC-D78A4C0A8AB8}
	EndProjectSection
EndProject
Project("{8BC9CEB8-8B4A-11D0-8D11-00A0C91BC942}") = "testRelay", "testProgs\testRelay.vcxproj", "{83D03747-BBFC-4489-930A-F30D9CF1DA12}"
	ProjectSection(ProjectDependencies) = postProject
		{01984B43-883E-4487-9272-AD7C0A255D90} = {01984B43-883E-4487-9272-AD7C0A255D90}
		{C05EB545-6768-4F36-B436-112B5EF1B5C4} = {C05EB545-6768-4F36-B436-112B5EF1B5C4}
		{E14AA04B-5D7F-4351-8403-D196F1EEBA52} = {E14AA04B-5D7F-4351-8403-D196F1EEBA52}
		{8AA8D4C7-7D6D-4198-98BC-D78A4C0A8AB8} = {8AA8D4C7-7D6D-4198-98BC-D78A4C0A8AB8}
	EndProjectSection
EndProject
Project("{8BC9CEB8-8B4A-11D0-8D11-00A0C91BC942}") = "testReplicator", "testProgs\testReplicator.vcxproj", "{064C7E5D-88AF-4ADE-A6CC-6F2EC6CBDDFD}"
	ProjectSection(ProjectDependencies) = postProject
		{01984B43-883E-4487-9272-AD7C0A255D90} = {01984B43-883E-4487-9272-AD7C0A255D90}
		{C05EB545-6768-4F36-B436-112B5EF1B5C4} = {C05EB545-6768-4F36-B436-112B5EF1B5C4}
		{E14AA04B-5D7F-4351-8403-D196F1EEBA52} = {E14AA04B-5D7F-4351-8403-D196F1EEBA52}
		{8AA8D4C7-7D6D-4198-98BC-D78A4C0A8AB8} = {8AA8D4C7-7D6D-4198-98BC-D78A4C0A8AB8}
	EndProjectSection
EndProject
Project("{8BC9CEB8-8B4A-11D0-8D11-00A0C91BC942}") = "testRTSPClient", "testProgs\testRTSPClient.vcxproj", "{FB42BC17-4E9A-4DE9-906F-B2CAE0894E33}"
	ProjectSection(ProjectDependencies) = postProject
		{01984B43-883E-4487-9272-AD7C0A255D90} = {01984B43-883E-4487-9272-AD7C0A255D90}
		{C05EB545-6768-4F36-B436-112B5EF1B5C4} = {C05EB545-6768-4F36-B436-112B5EF1B5C4}
		{E14AA04B-5D7F-4351-8403-D196F1EEBA52} = {E14AA04B-5D7F-4351-8403-D196F1EEBA52}
		{8AA8D4C7-7D6D-4198-98BC-D78A4C0A8AB8} = {8AA8D4C7-7D6D-4198-98BC-D78A4C0A8AB8}
	EndProjectSection
EndProject
Project("{8BC9CEB8-8B4A-11D0-8D11-00A0C91BC942}") = "testWAVAudioStreamer", "testProgs\testWAVAudioStreamer.vcxproj", "{F24F40F3-C898-4971-9934-A96E94CF5AFD}"
	ProjectSection(ProjectDependencies) = postProject
		{01984B43-883E-4487-9272-AD7C0A255D90} = {01984B43-883E-4487-9272-AD7C0A255D90}
		{C05EB545-6768-4F36-B436-112B5EF1B5C4} = {C05EB545-6768-4F36-B436-112B5EF1B5C4}
		{E14AA04B-5D7F-4351-8403-D196F1EEBA52} = {E14AA04B-5D7F-4351-8403-D196F1EEBA52}
		{8AA8D4C7-7D6D-4198-98BC-D78A4C0A8AB8} = {8AA8D4C7-7D6D-4198-98BC-D78A4C0A8AB8}
	EndProjectSection
EndProject
Project("{8BC9CEB8-8B4A-11D0-8D11-00A0C91BC942}") = "vobStreamer", "testProgs\vobStreamer.vcxproj", "{2A371379-BB24-4194-A80E-424A3EC60061}"
	ProjectSection(ProjectDependencies) = postProject
		{01984B43-883E-4487-9272-AD7C0A255D90} = {01984B43-883E-4487-9272-AD7C0A255D90}
		{C05EB545-6768-4F36-B436-112B5EF1B5C4} = {C05EB545-6768-4F36-B436-112B5EF1B5C4}
		{E14AA04B-5D7F-4351-8403-D196F1EEBA52} = {E14AA04B-5D7F-4351-8403-D196F1EEBA52}
		{8AA8D4C7-7D6D-4198-98BC-D78A4C0A8AB8} = {8AA8D4C7-7D6D-4198-98BC-D78A4C0A8AB8}
	EndProjectSection
EndProject
Project("{8BC9CEB8-8B4A-11D0-8D11-00A0C91BC942}") = "testOggStreamer", "testProgs\testOggStreamer.vcxproj", "{E0454F17-BD35-4894-AF3E-80F0B6F7E943}"
	ProjectSection(ProjectDependencies) = postProject
		{01984B43-883E-4487-9272-AD7C0A255D90} = {01984B43-883E-4487-9272-AD7C0A255D90}
		{C05EB545-6768-4F36-B436-112B5EF1B5C4} = {C05EB545-6768-4F36-B436-112B5EF1B5C4}
		{E14AA04B-5D7F-4351-8403-D196F1EEBA52} = {E14AA04B-5D7F-4351-8403-D196F1EEBA52}
		{8AA8D4C7-7D6D-4198-98BC-D78A4C0A8AB8} = {8AA8D4C7-7D6D-4198-98BC-D78A4C0A8AB8}
	EndProjectSection
EndProject
Global
	GlobalSection(SolutionConfigurationPlatforms) = preSolution
		Debug|x64 = Debug|x64
		Debug|x86 = Debug|x86
		Release|x64 = Release|x64
		Release|x86 = Release|x86
	EndGlobalSection
	GlobalSection(ProjectConfigurationPlatforms) = postSolution
		{01984B43-883E-4487-9272-AD7C0A255D90}.Debug|x64.ActiveCfg = Debug|x64
		{01984B43-883E-4487-9272-AD7C0A255D90}.Debug|x64.Build.0 = Debug|x64
		{01984B43-883E-4487-9272-AD7C0A255D90}.Debug|x86.ActiveCfg = Debug|Win32
		{01984B43-883E-4487-9272-AD7C0A255D90}.Debug|x86.Build.0 = Debug|Win32
		{01984B43-883E-4487-9272-AD7C0A255D90}.Release|x64.ActiveCfg = Release|x64
		{01984B43-883E-4487-9272-AD7C0A255D90}.Release|x64.Build.0 = Release|x64
		{01984B43-883E-4487-9272-AD7C0A255D90}.Release|x86.ActiveCfg = Release|Win32
		{01984B43-883E-4487-9272-AD7C0A255D90}.Release|x86.Build.0 = Release|Win32
		{8AA8D4C7-7D6D-4198-98BC-D78A4C0A8AB8}.Debug|x64.ActiveCfg = Debug|x64
		{8AA8D4C7-7D6D-4198-98BC-D78A4C0A8AB8}.Debug|x64.Build.0 = Debug|x64
		{8AA8D4C7-7D6D-4198-98BC-D78A4C0A8AB8}.Debug|x86.ActiveCfg = Debug|Win32
		{8AA8D4C7-7D6D-4198-98BC-D78A4C0A8AB8}.Debug|x86.Build.0 = Debug|Win32
		{8AA8D4C7-7D6D-4198-98BC-D78A4C0A8AB8}.Release|x64.ActiveCfg = Release|x64
		{8AA8D4C7-7D6D-4198-98BC-D78A4C0A8AB8}.Release|x64.Build.0 = Release|x64
		{8AA8D4C7-7D6D-4198-98BC-D78A4C0A8AB8}.Release|x86.ActiveCfg = Release|Win32
		{8AA8D4C7-7D6D-4198-98BC-D78A4C0A8AB8}.Release|x86.Build.0 = Release|Win32
		{E14AA04B-5D7F-4351-8403-D196F1EEBA52}.Debug|x64.ActiveCfg = Debug|x64
		{E14AA04B-5D7F-4351-8403-D196F1EEBA52}.Debug|x64.Build.0 = Debug|x64
		{E14AA04B-5D7F-4351-8403-D196F1EEBA52}.Debug|x86.ActiveCfg = Debug|Win32
		{E14AA04B-5D7F-4351-8403-D196F1EEBA52}.Debug|x86.Build.0 = Debug|Win32
		{E14AA04B-5D7F-4351-8403-D196F1EEBA52}.Release|x64.ActiveCfg = Release|x64
		{E14AA04B-5D7F-4351-8403-D196F1EEBA52}.Release|x64.Build.0 = Release|x64
		{E14AA04B-5D7F-4351-8403-D196F1EEBA52}.Release|x86.ActiveCfg = Release|Win32
		{E14AA04B-5D7F-4351-8403-D196F1EEBA52}.Release|x86.Build.0 = Release|Win32
		{F2890C47-8B50-4556-82B0-EC525714AE6E}.Debug|x64.ActiveCfg = Debug|x64
		{F2890C47-8B50-4556-82B0-EC525714AE6E}.Debug|x64.Build.0 = Debug|x64
		{F2890C47-8B50-4556-82B0-EC525714AE6E}.Debug|x86.ActiveCfg = Debug|Win32
		{F2890C47-8B50-4556-82B0-EC525714AE6E}.Debug|x86.Build.0 = Debug|Win32
		{F2890C47-8B50-4556-82B0-EC525714AE6E}.Release|x64.ActiveCfg = Release|x64
		{F2890C47-8B50-4556-82B0-EC525714AE6E}.Release|x64.Build.0 = Release|x64
		{F2890C47-8B50-4556-82B0-EC525714AE6E}.Release|x86.ActiveCfg = Release|Win32
		{F2890C47-8B50-4556-82B0-EC525714AE6E}.Release|x86.Build.0 = Release|Win32
		{2F465034-738D-47C2-BA79-F931874C7B95}.Debug|x64.ActiveCfg = Debug|x64
		{2F465034-738D-47C2-BA79-F931874C7B95}.Debug|x64.Build.0 = Debug|x64
		{2F465034-738D-47C2-BA79-F931874C7B95}.Debug|x86.ActiveCfg = Debug|Win32
		{2F465034-738D-47C2-BA79-F931874C7B95}.Debug|x86.Build.0 = Debug|Win32
		{2F465034-738D-47C2-BA79-F931874C7B95}.Release|x64.ActiveCfg = Release|x64
		{2F465034-738D-47C2-BA79-F931874C7B95}.Release|x64.Build.0 = Release|x64
		{2F465034-738D-47C2-BA79-F931874C7B95}.Release|x86.ActiveCfg = Release|Win32
		{2F465034-738D-47C2-BA79-F931874C7B95}.Release|x86.Build.0 = Release|Win32
		{C05EB545-6768-4F36-B436-112B5EF1B5C4}.Debug|x64.ActiveCfg = Debug|x64
		{C05EB545-6768-4F36-B436-112B5EF1B5C4}.Debug|x64.Build.0 = Debug|x64
		{C05EB545-6768-4F36-B436-112B5EF1B5C4}.Debug|x86.ActiveCfg = Debug|Win32
		{C05EB545-6768-4F36-B436-112B5EF1B5C4}.Debug|x86.Build.0 = Debug|Win32
		{C05EB545-6768-4F36-B436-112B5EF1B5C4}.Release|x64.ActiveCfg = Release|x64
		{C05EB545-6768-4F36-B436-112B5EF1B5C4}.Release|x64.Build.0 = Release|x64
		{C05EB545-6768-4F36-B436-112B5EF1B5C4}.Release|x86.ActiveCfg = Release|Win32
		{C05EB545-6768-4F36-B436-112B5EF1B5C4}.Release|x86.Build.0 = Release|Win32
		{186D9E4C-F9B4-4C35-B864-2FD7FE7C6E44}.Debug|x64.ActiveCfg = Debug|x64
		{186D9E4C-F9B4-4C35-B864-2FD7FE7C6E44}.Debug|x64.Build.0 = Debug|x64
		{186D9E4C-F9B4-4C35-B864-2FD7FE7C6E44}.Debug|x86.ActiveCfg = Debug|Win32
		{186D9E4C-F9B4-4C35-B864-2FD7FE7C6E44}.Debug|x86.Build.0 = Debug|Win32
		{186D9E4C-F9B4-4C35-B864-2FD7FE7C6E44}.Release|x64.ActiveCfg = Release|x64
		{186D9E4C-F9B4-4C35-B864-2FD7FE7C6E44}.Release|x64.Build.0 = Release|x64
		{186D9E4C-F9B4-4C35-B864-2FD7FE7C6E44}.Release|x86.ActiveCfg = Release|Win32
		{186D9E4C-F9B4-4C35-B864-2FD7FE7C6E44}.Release|x86.Build.0 = Release|Win32
		{D841B42B-9E98-4737-BECA-6AC0F7FB0BE2}.Debug|x64.ActiveCfg = Debug|x64
		{D841B42B-9E98-4737-BECA-6AC0F7FB0BE2}.Debug|x64.Build.0 = Debug|x64
		{D841B42B-9E98-4737-BECA-6AC0F7FB0BE2}.Debug|x86.ActiveCfg = Debug|Win32
		{D841B42B-9E98-4737-BECA-6AC0F7FB0BE2}.Debug|x86.Build.0 = Debug|Win32
		{D841B42B-9E98-4737-BECA-6AC0F7FB0BE2}.Release|x64.ActiveCfg = Release|x64
		{D841B42B-9E98-4737-BECA-6AC0F7FB0BE2}.Release|x64.Build.0 = Release|x64
		{D841B42B-9E98-4737-BECA-6AC0F7FB0BE2}.Release|x86.ActiveCfg = Release|Win32
		{D841B42B-9E98-4737-BECA-6AC0F7FB0BE2}.Release|x86.Build.0 = Release|Win32
		{F3692FDA-370B-46B8-81E9-13927FDEAEA0}.Debug|x64.ActiveCfg = Debug|x64
		{F3692FDA-370B-46B8-81E9-13927FDEAEA0}.Debug|x64.Build.0 = Debug|x64
		{F3692FDA-370B-46B8-81E9-13927FDEAEA0}.Debug|x86.ActiveCfg = Debug|Win32
		{F3692FDA-370B-46B8-81E9-13927FDEAEA0}.Debug|x86.Build.0 = Debug|Win32
		{F3692FDA-370B-46B8-81E9-13927FDEAEA0}.Release|x64.ActiveCfg = Release|x64
		{F3692FDA-370B-46B8-81E9-13927FDEAEA0}.Release|x64.Build.0 = Release|x64
		{F3692FDA-370B-46B8-81E9-13927FDEAEA0}.Release|x86.ActiveCfg = Release|Win32
		{F3692FDA-370B-46B8-81E9-13927FDEAEA0}.Release|x86.Build.0 = Release|Win32
		{3142CD36-11A8-4426-B2CF-7B2B62835DCD}.Debug|x64.ActiveCfg = Debug|x64
		{3142CD36-11A8-4426-B2CF-7B2B62835DCD}.Debug|x64.Build.0 = Debug|x64
		{3142CD36-11A8-4426-B2CF-7B2B62835DCD}.Debug|x86.ActiveCfg = Debug|Win32
		{3142CD36-11A8-4426-B2CF-7B2B62835DCD}.Debug|x86.Build.0 = Debug|Win32
		{3142CD36-11A8-4426-B2CF-7B2B62835DCD}.Release|x64.ActiveCfg = Release|x64
		{3142CD36-11A8-4426-B2CF-7B2B62835DCD}.Release|x64.Build.0 = Release|x64
		{3142CD36-11A8-4426-B2CF-7B2B62835DCD}.Release|x86.ActiveCfg = Release|Win32
		{3142CD36-11A8-4426-B2CF-7B2B62835DCD}.Release|x86.Build.0 = Release|Win32
		{AB8A6709-2590-41F8-B79D-062978941F93}.Debug|x64.ActiveCfg = Debug|x64
		{AB8A6709-2590-41F8-B79D-062978941F93}.Debug|x64.Build.0 = Debug|x64
		{AB8A6709-2590-41F8-B79D-062978941F93}.Debug|x86.ActiveCfg = Debug|Win32
		{AB8A6709-2590-41F8-B79D-062978941F93}.Debug|x86.Build.0 = Debug|Win32
		{AB8A6709-2590-41F8-B79D-062978941F93}.Release|x64.ActiveCfg = Release|x64
		{AB8A6709-2590-41F8-B79D-062978941F93}.Release|x64.Build.0 = Release|x64
		{AB8A6709-2590-41F8-B79D-062978941F93}.Release|x86.ActiveCfg = Release|Win32
		{AB8A6709-2590-41F8-B79D-062978941F93}.Release|x86.Build.0 = Release|Win32
		{F865BDDC-9E9F-4CA8-938D-2271E66DFD72}.Debug|x64.ActiveCfg = Debug|x64
		{F865BDDC-9E9F-4CA8-938D-2271E66DFD72}.Debug|x64.Build.0 = Debug|x64
		{F865BDDC-9E9F-4CA8-938D-2271E66DFD72}.Debug|x86.ActiveCfg = Debug|Win32
		{F865BDDC-9E9F-4CA8-938D-2271E66DFD72}.Debug|x86.Build.0 = Debug|Win32
		{F865BDDC-9E9F-4CA8-938D-2271E66DFD72}.Release|x64.ActiveCfg = Release|x64
		{F865BDDC-9E9F-4CA8-938D-2271E66DFD72}.Release|x64.Build.0 = Release|x64
		{F865BDDC-9E9F-4CA8-938D-2271E66DFD72}.Release|x86.ActiveCfg = Release|Win32
		{F865BDDC-9E9F-4CA8-938D-2271E66DFD72}.Release|x86.Build.0 = Release|Win32
		{05E744B9-BAC5-4284-A9C3-E0BDFE415749}.Debug|x64.ActiveCfg = Debug|x64
		{05E744B9-BAC5-4284-A9C3-E0BDFE415749}.Debug|x64.Build.0 = Debug|x64
		{05E744B9-BAC5-4284-A9C3-E0BDFE415749}.Debug|x86.ActiveCfg = Debug|Win32
		{05E744B9-BAC5-4284-A9C3-E0BDFE415749}.Debug|x86.Build.0 = Debug|Win32
		{05E744B9-BAC5-4284-A9C3-E0BDFE415749}.Release|x64.ActiveCfg = Release|x64
		{05E744B9-BAC5-4284-A9C3-E0BDFE415749}.Release|x64.Build.0 = Release|x64
		{05E744B9-BAC5-4284-A9C3-E0BDFE415749}.Release|x86.ActiveCfg = Release|Win32
		{05E744B9-BAC5-4284-A9C3-E0BDFE415749}.Release|x86.Build.0 = Release|Win32
		{A225FBE8-8D70-4891-AEC8-E80C5BA3C55B}.Debug|x64.ActiveCfg = Debug|x64
		{A225FBE8-8D70-4891-AEC8-E80C5BA3C55B}.Debug|x64.Build.0 = Debug|x64
		{A225FBE8-8D70-4891-AEC8-E80C5BA3C55B}.Debug|x86.ActiveCfg = Debug|Win32
		{A225FBE8-8D70-4891-AEC8-E80C5BA3C55B}.Debug|x86.Build.0 = Debug|Win32
		{A225FBE8-8D70-4891-AEC8-E80C5BA3C55B}.Release|x64.ActiveCfg = Release|x64
		{A225FBE8-8D70-4891-AEC8-E80C5BA3C55B}.Release|x64.Build.0 = Release|x64
		{A225FBE8-8D70-4891-AEC8-E80C5BA3C55B}.Release|x86.ActiveCfg = Release|Win32
		{A225FBE8-8D70-4891-AEC8-E80C5BA3C55B}.Release|x86.Build.0 = Release|Win32
		{C96F8036-1693-4C5F-9E7D-3CAF5EFDAC4D}.Debug|x64.ActiveCfg = Debug|x64
		{C96F8036-1693-4C5F-9E7D-3CAF5EFDAC4D}.Debug|x64.Build.0 = Debug|x64
		{C96F8036-1693-4C5F-9E7D-3CAF5EFDAC4D}.Debug|x86.ActiveCfg = Debug|Win32
		{C96F8036-1693-4C5F-9E7D-3CAF5EFDAC4D}.Debug|x86.Build.0 = Debug|Win32
		{C96F8036-1693-4C5F-9E7D-3CAF5EFDAC4D}.Release|x64.ActiveCfg = Release|x64
		{C96F8036-1693-4C5F-9E7D-3CAF5EFDAC4D}.Release|x64.Build.0 = Release|x64
		{C96F8036-1693-4C5F-9E7D-3CAF5EFDAC4D}.Release|x86.ActiveCfg = Release|Win32
		{C96F8036-1693-4C5F-9E7D-3CAF5EFDAC4D}.Release|x86.Build.0 = Release|Win32
		{69B996D6-3F81-41BE-ADA3-45AF0F857100}.Debug|x64.ActiveCfg = Debug|x64
		{69B996D6-3F81-41BE-ADA3-45AF0F857100}.Debug|x64.Build.0 = Debug|x64
		{69B996D6-3F81-41BE-ADA3-45AF0F857100}.Debug|x86.ActiveCfg = Debug|Win32
		{69B996D6-3F81-41BE-ADA3-45AF0F857100}.Debug|x86.Build.0 = Debug|Win32
		{69B996D6-3F81-41BE-ADA3-45AF0F857100}.Release|x64.ActiveCfg = Release|x64
		{69B996D6-3F81-41BE-ADA3-45AF0F857100}.Release|x64.Build.0 = Release|x64
		{69B996D6-3F81-41BE-ADA3-45AF0F857100}.Release|x86.ActiveCfg = Release|Win32
		{69B996D6-3F81-41BE-ADA3-45AF0F857100}.Release|x86.Build.0 = Release|Win32
		{AD3AE586-0249-4BB9-9E25-421997C886E2}.Debug|x64.ActiveCfg = Debug|x64
		{AD3AE586-0249-4BB9-9E25-421997C886E2}.Debug|x64.Build.0 = Debug|x64
		{AD3AE586-0249-4BB9-9E25-421997C886E2}.Debug|x86.ActiveCfg = Debug|Win32
		{AD3AE586-0249-4BB9-9E25-421997C886E2}.Debug|x86.Build.0 = Debug|Win32
		{AD3AE586-0249-4BB9-9E25-421997C886E2}.Release|x64.ActiveCfg = Release|x64
		{AD3AE586-0249-4BB9-9E25-421997C886E2}.Release|x64.Build.0 = Release|x64
		{AD3AE586-0249-4BB9-9E25-421997C886E2}.Release|x86.ActiveCfg = Release|Win32
		{AD3AE586-0249-4BB9-9E25-421997C886E2}.Release|x86.Build.0 = Release|Win32
		{8BFA53C0-D989-4DF1-BC50-E683024453B9}.Debug|x64.ActiveCfg = Debug|x64
		{8BFA53C0-D989-4DF1-BC50-E683024453B9}.Debug|x64.Build.0 = Debug|x64
		{8BFA53C0-D989-4DF1-BC50-E683024453B9}.Debug|x86.ActiveCfg = Debug|Win32
		{8BFA53C0-D989-4DF1-BC50-E683024453B9}.Debug|x86.Build.0 = Debug|Win32
		{8BFA53C0-D989-4DF1-BC50-E683024453B9}.Release|x64.ActiveCfg = Release|x64
		{8BFA53C0-D989-4DF1-BC50-E683024453B9}.Release|x64.Build.0 = Release|x64
		{8BFA53C0-D989-4DF1-BC50-E683024453B9}.Release|x86.ActiveCfg = Release|Win32
		{8BFA53C0-D989-4DF1-BC50-E683024453B9}.Release|x86.Build.0 = Release|Win32
		{F8365141-3C35-48F9-BF87-3927570A11A2}.Debug|x64.ActiveCfg = Debug|x64
		{F8365141-3C35-48F9-BF87-3927570A11A2}.Debug|x64.Build.0 = Debug|x64
		{F8365141-3C35-48F9-BF87-3927570A11A2}.Debug|x86.ActiveCfg = Debug|Win32
		{F8365141-3C35-48F9-BF87-3927570A11A2}.Debug|x86.Build.0 = Debug|Win32
		{F8365141-3C35-48F9-BF87-3927570A11A2}.Release|x64.ActiveCfg = Release|x64
		{F8365141-3C35-48F9-BF87-3927570A11A2}.Release|x64.Build.0 = Release|x64
		{F8365141-3C35-48F9-BF87-3927570A11A2}.Release|x86.ActiveCfg = Release|Win32
		{F8365141-3C35-48F9-BF87-3927570A11A2}.Release|x86.Build.0 = Release|Win32
		{916EBEA9-713D-4F5E-AD4B-E6329B147FA4}.Debug|x64.ActiveCfg = Debug|x64
		{916EBEA9-713D-4F5E-AD4B-E6329B147FA4}.Debug|x64.Build.0 = Debug|x64
		{916EBEA9-713D-4F5E-AD4B-E6329B147FA4}.Debug|x86.ActiveCfg = Debug|Win32
		{916EBEA9-713D-4F5E-AD4B-E6329B147FA4}.Debug|x86.Build.0 = Debug|Win32
		{916EBEA9-713D-4F5E-AD4B-E6329B147FA4}.Release|x64.ActiveCfg = Release|x64
		{916EBEA9-713D-4F5E-AD4B-E6329B147FA4}.Release|x64.Build.0 = Release|x64
		{916EBEA9-713D-4F5E-AD4B-E6329B147FA4}.Release|x86.ActiveCfg = Release|Win32
		{916EBEA9-713D-4F5E-AD4B-E6329B147FA4}.Release|x86.Build.0 = Release|Win32
		{8E1CA2DB-481E-4C17-8FCF-63CF55776F41}.Debug|x64.ActiveCfg = Debug|x64
		{8E1CA2DB-481E-4C17-8FCF-63CF55776F41}.Debug|x64.Build.0 = Debug|x64
		{8E1CA2DB-481E-4C17-8FCF-63CF55776F41}.Debug|x86.ActiveCfg = Debug|Win32
		{8E1CA2DB-481E-4C17-8FCF-63CF55776F41}.Debug|x86.Build.0 = Debug|Win32
		{8E1CA2DB-481E-4C17-8FCF-63CF55776F41}.Release|x64.ActiveCfg = Release|x64
		{8E1CA2DB-481E-4C17-8FCF-63CF55776F41}.Release|x64.Build.0 = Release|x64
		{8E1CA2DB-481E-4C17-8FCF-63CF55776F41}.Release|x86.ActiveCfg = Release|Win32
		{8E1CA2DB-481E-4C17-8FCF-63CF55776F41}.Release|x86.Build.0 = Release|Win32
		{5ECA0A73-3A7C-4488-9A5C-7B5448F2D8DD}.Debug|x64.ActiveCfg = Debug|x64
		{5ECA0A73-3A7C-4488-9A5C-7B5448F2D8DD}.Debug|x64.Build.0 = Debug|x64
		{5ECA0A73-3A7C-4488-9A5C-7B5448F2D8DD}.Debug|x86.ActiveCfg = Debug|Win32
		{5ECA0A73-3A7C-4488-9A5C-7B5448F2D8DD}.Debug|x86.Build.0 = Debug|Win32
		{5ECA0A73-3A7C-4488-9A5C-7B5448F2D8DD}.Release|x64.ActiveCfg = Release|x64
		{5ECA0A73-3A7C-4488-9A5C-7B5448F2D8DD}.Release|x64.Build.0 = Release|x64
		{5ECA0A73-3A7C-4488-9A5C-7B5448F2D8DD}.Release|x86.ActiveCfg = Release|Win32
		{5ECA0A73-3A7C-4488-9A5C-7B5448F2D8DD}.Release|x86.Build.0 = Release|Win32
		{3E0C6F44-F335-4F41-AAF5-8C23D40BA39E}.Debug|x64.ActiveCfg = Debug|x64
		{3E0C6F44-F335-4F41-AAF5-8C23D40BA39E}.Debug|x64.Build.0 = Debug|x64
		{3E0C6F44-F335-4F41-AAF5-8C23D40BA39E}.Debug|x86.ActiveCfg = Debug|Win32
		{3E0C6F44-F335-4F41-AAF5-8C23D40BA39E}.Debug|x86.Build.0 = Debug|Win32
		{3E0C6F44-F335-4F41-AAF5-8C23D40BA39E}.Release|x64.ActiveCfg = Release|x64
		{3E0C6F44-F335-4F41-AAF5-8C23D40BA39E}.Release|x64.Build.0 = Release|x64
		{3E0C6F44-F335-4F41-AAF5-8C23D40BA39E}.Release|x86.ActiveCfg = Release|Win32
		{3E0C6F44-F335-4F41-AAF5-8C23D40BA39E}.Release|x86.Build.0 = Release|Win32
		{AC0AB067-7351-4C67-A077-ACBA98D4F8BF}.Debug|x64.ActiveCfg = Debug|x64
		{AC0AB067-7351-4C67-A077-ACBA98D4F8BF}.Debug|x64.Build.0 = Debug|x64
		{AC0AB067-7351-4C67-A077-ACBA98D4F8BF}.Debug|x86.ActiveCfg = Debug|Win32
		{AC0AB067-7351-4C67-A077-ACBA98D4F8BF}.Debug|x86.Build.0 = Debug|Win32
		{AC0AB067-7351-4C67-A077-ACBA98D4F8BF}.Release|x64.ActiveCfg = Release|x64
		{AC0AB067-7351-4C67-A077-ACBA98D4F8BF}.Release|x64.Build.0 = Release|x64
		{AC0AB067-7351-4C67-A077-ACBA98D4F8BF}.Release|x86.ActiveCfg = Release|Win32
		{AC0AB067-7351-4C67-A077-ACBA98D4F8BF}.Release|x86.Build.0 = Release|Win32
		{6E4B6C7F-AF1A-4FD0-9288-CC0CC1BFB060}.Debug|x64.ActiveCfg = Debug|x64
		{6E4B6C7F-AF1A-4FD0-9288-CC0CC1BFB060}.Debug|x64.Build.0 = Debug|x64
		{6E4B6C7F-AF1A-4FD0-9288-CC0CC1BFB060}.Debug|x86.ActiveCfg = Debug|Win32
		{6E4B6C7F-AF1A-4FD0-9288-CC0CC1BFB060}.Debug|x86.Build.0 = Debug|Win32
		{6E4B6C7F-AF1A-4FD0-9288-CC0CC1BFB060}.Release|x64.ActiveCfg = Release|x64
		{6E4B6C7F-AF1A-4FD0-9288-CC0CC1BFB060}.Release|x64.Build.0 = Release|x64
		{6E4B6C7F-AF1A-4FD0-9288-CC0CC1BFB060}.Release|x86.ActiveCfg = Release|Win32
		{6E4B6C7F-AF1A-4FD0-9288-CC0CC1BFB060}.Release|x86.Build.0 = Release|Win32
		{87C6DF01-712C-4A00-9092-C54A4490CF8B}.Debug|x64.ActiveCfg = Debug|x64
		{87C6DF01-712C-4A00-9092-C54A4490CF8B}.Debug|x64.Build.0 = Debug|x64
		{87C6DF01-712C-4A00-9092-C54A4490CF8B}.Debug|x86.ActiveCfg = Debug|Win32
		{87C6DF01-712C-4A00-9092-C54A4490CF8B}.Debug|x86.Build.0 = Debug|Win32
		{87C6DF01-712C-4A00-9092-C54A4490CF8B}.Release|x64.ActiveCfg = Release|x64
		{87C6DF01-712C-4A00-9092-C54A4490CF8B}.Release|x64.Build.0 = Release|x64
		{87C6DF01-712C-4A00-9092-C54A4490CF8B}.Release|x86.ActiveCfg = Release|Win32
		{87C6DF01-712C-4A00-9092-C54A4490CF8B}.Release|x86.Build.0 = Release|Win32
		{0924235D-D79D-4513-8E07-B107B312E49A}.Debug|x64.ActiveCfg = Debug|x64
		{0924235D-D79D-4513-8E07-B107B312E49A}.Debug|x64.Build.0 = Debug|x64
		{0924235D-D79D-4513-8E07-B107B312E49A}.Debug|x86.ActiveCfg = Debug|Win32
		{0924235D-D79D-4513-8E07-B107B312E49A}.Debug|x86.Build.0 = Debug|Win32
		{0924235D-D79D-4513-8E07-B107B312E49A}.Release|x64.ActiveCfg = Release|x64
		{0924235D-D79D-4513-8E07-B107B312E49A}.Release|x64.Build.0 = Release|x64
		{0924235D-D79D-4513-8E07-B107B312E49A}.Release|x86.ActiveCfg = Release|Win32
		{0924235D-D79D-4513-8E07-B107B312E49A}.Release|x86.Build.0 = Release|Win32
		{8C14096D-F04B-4BBE-9574-72CC9F57FFE8}.Debug|x64.ActiveCfg = Debug|x64
		{8C14096D-F04B-4BBE-9574-72CC9F57FFE8}.Debug|x64.Build.0 = Debug|x64
		{8C14096D-F04B-4BBE-9574-72CC9F57FFE8}.Debug|x86.ActiveCfg = Debug|Win32
		{8C14096D-F04B-4BBE-9574-72CC9F57FFE8}.Debug|x86.Build.0 = Debug|Win32
		{8C14096D-F04B-4BBE-9574-72CC9F57FFE8}.Release|x64.ActiveCfg = Release|x64
		{8C14096D-F04B-4BBE-9574-72CC9F57FFE8}.Release|x64.Build.0 = Release|x64
		{8C14096D-F04B-4BBE-9574-72CC9F57FFE8}.Release|x86.ActiveCfg = Release|Win32
		{8C14096D-F04B-4BBE-9574-72CC9F57FFE8}.Release|x86.Build.0 = Release|Win32
		{0965AE4B-01B2-4EF6-B3FD-42E821C9E156}.Debug|x64.ActiveCfg = Debug|x64
		{0965AE4B-01B2-4EF6-B3FD-42E821C9E156}.Debug|x64.Build.0 = Debug|x64
		{0965AE4B-01B2-4EF6-B3FD-42E821C9E156}.Debug|x86.ActiveCfg = Debug|Win32
		{0965AE4B-01B2-4EF6-B3FD-42E821C9E156}.Debug|x86.Build.0 = Debug|Win32
		{0965AE4B-01B2-4EF6-B3FD-42E821C9E156}.Release|x64.ActiveCfg = Release|x64
		{0965AE4B-01B2-4EF6-B3FD-42E821C9E156}.Release|x64.Build.0 = Release|x64
		{0965AE4B-01B2-4EF6-B3FD-42E821C9E156}.Release|x86.ActiveCfg = Release|Win32
		{0965AE4B-01B2-4EF6-B3FD-42E821C9E156}.Release|x86.Build.0 = Release|Win32
		{015E133E-BED6-4954-90D7-BC5BBB13A725}.Debug|x64.ActiveCfg = Debug|x64
		{015E133E-BED6-4954-90D7-BC5BBB13A725}.Debug|x64.Build.0 = Debug|x64
		{015E133E-BED6-4954-90D7-BC5BBB13A725}.Debug|x86.ActiveCfg = Debug|Win32
		{015E133E-BED6-4954-90D7-BC5BBB13A725}.Debug|x86.Build.0 = Debug|Win32
		{015E133E-BED6-4954-90D7-BC5BBB13A725}.Release|x64.ActiveCfg = Release|x64
		{015E133E-BED6-4954-90D7-BC5BBB13A725}.Release|x64.Build.0 = Release|x64
		{015E133E-BED6-4954-90D7-BC5BBB13A725}.Release|x86.ActiveCfg = Release|Win32
		{015E133E-BED6-4954-90D7-BC5BBB13A725}.Release|x86.Build.0 = Release|Win32
		{BC2BD2B4-AA30-4882-B195-385B9928ABB6}.Debug|x64.ActiveCfg = Debug|x64
		{BC2BD2B4-AA30-4882-B195-385B9928ABB6}.Debug|x64.Build.0 = Debug|x64
		{BC2BD2B4-AA30-4882-B195-385B9928ABB6}.Debug|x86.ActiveCfg = Debug|Win32
		{BC2BD2B4-AA30-4882-B195-385B9928ABB6}.Debug|x86.Build.0 = Debug|Win32
		{BC2BD2B4-AA30-4882-B195-385B9928ABB6}.Release|x64.ActiveCfg = Release|x64
		{BC2BD2B4-AA30-4882-B195-385B9928ABB6}.Release|x64.Build.0 = Release|x64
		{BC2BD2B4-AA30-4882-B195-385B9928ABB6}.Release|x86.ActiveCfg = Release|Win32
		{BC2BD2B4-AA30-4882-B195-385B9928ABB6}.Release|x86.Build.0 = Release|Win32
		{BDB69E0A-472F-4844-AC8B-85F11D469DB8}.Debug|x64.ActiveCfg = Debug|x64
		{BDB69E0A-472F-4844-AC8B-85F11D469DB8}.Debug|x64.Build.0 = Debug|x64
		{BDB69E0A-472F-4844-AC8B-85F11D469DB8}.Debug|x86.ActiveCfg = Debug|Win32
		{BDB69E0A-472F-4844-AC8B-85F11D469DB8}.Debug|x86.Build.0 = Debug|Win32
		{BDB69E0A-472F-4844-AC8B-85F11D469DB8}.Release|x64.ActiveCfg = Release|x64
		{BDB69E0A-472F-4844-AC8B-85F11D469DB8}.Release|x64.Build.0 = Release|x64
		{BDB69E0A-472F-4844-AC8B-85F11D469DB8}.Release|x86.ActiveCfg = Release|Win32
		{BDB69E0A-472F-4844-AC8B-85F11D469DB8}.Release|x86.Build.0 = Release|Win32
		{566D7374-4097-46B0-B1EB-74F314425F46}.Debug|x64.ActiveCfg = Debug|x64
		{566D7374-4097-46B0-B1EB-74F314425F46}.Debug|x64.Build.0 = Debug|x64
		{566D7374-4097-46B0-B1EB-74F314425F46}.Debug|x86.ActiveCfg = Debug|Win32
		{566D7374-4097-46B0-B1EB-74F314425F46}.Debug|x86.Build.0 = Debug|Win32
		{566D7374-4097-46B0-B1EB-74F314425F46}.Release|x64.ActiveCfg = Release|x64
		{566D7374-4097-46B0-B1EB-74F314425F46}.Release|x64.Build.0 = Release|x64
		{566D7374-4097-46B0-B1EB-74F314425F46}.Release|x86.ActiveCfg = Release|Win32
		{566D7374-4097-46B0-B1EB-74F314425F46}.Release|x86.Build.0 = Release|Win32
		{83D03747-BBFC-4489-930A-F30D9CF1DA12}.Debug|x64.ActiveCfg = Debug|x64
		{83D03747-BBFC-4489-930A-F30D9CF1DA12}.Debug|x64.Build.0 = Debug|x64
		{83D03747-BBFC-4489-930A-F30D9CF1DA12}.Debug|x86.ActiveCfg = Debug|Win32
		{83D03747-BBFC-4489-930A-F30D9CF1DA12}.Debug|x86.Build.0 = Debug|Win32
		{83D03747-BBFC-4489-930A-F30D9CF1DA12}.Release|x64.ActiveCfg = Release|x64
		{83D03747-BBFC-4489-930A-F30D9CF1DA12}.Release|x64.Build.0 = Release|x64
		{83D03747-BBFC-4489-930A-F30D9CF1DA12}.Release|x86.ActiveCfg = Release|Win32
		{83D03747-BBFC-4489-930A-F30D9CF1DA12}.Release|x86.Build.0 = Release|Win32
		{064C7E5D-88AF-4ADE-A6CC-6F2EC6CBDDFD}.Debug|x64.ActiveCfg = Debug|x64
		{064C7E5D-88AF-4ADE-A6CC-6F2EC6CBDDFD}.Debug|x64.Build.0 = Debug|x64
		{064C7E5D-88AF-4ADE-A6CC-6F2EC6CBDDFD}.Debug|x86.ActiveCfg = Debug|Win32
		{064C7E5D-88AF-4ADE-A6CC-6F2EC6CBDDFD}.Debug|x86.Build.0 = Debug|Win32
		{064C7E5D-88AF-4ADE-A6CC-6F2EC6CBDDFD}.Release|x64.ActiveCfg = Release|x64
		{064C7E5D-88AF-4ADE-A6CC-6F2EC6CBDDFD}.Release|x64.Build.0 = Release|x64
		{064C7E5D-88AF-4ADE-A6CC-6F2EC6CBDDFD}.Release|x86.ActiveCfg = Release|Win32
		{064C7E5D-88AF-4ADE-A6CC-6F2EC6CBDDFD}.Release|x86.Build.0 = Release|Win32
		{FB42BC17-4E9A-4DE9-906F-B2CAE0894E33}.Debug|x64.ActiveCfg = Debug|x64
		{FB42BC17-4E9A-4DE9-906F-B2CAE0894E33}.Debug|x64.Build.0 = Debug|x64
		{FB42BC17-4E9A-4DE9-906F-B2CAE0894E33}.Debug|x86.ActiveCfg = Debug|Win32
		{FB42BC17-4E9A-4DE9-906F-B2CAE0894E33}.Debug|x86.Build.0 = Debug|Win32
		{FB42BC17-4E9A-4DE9-906F-B2CAE0894E33}.Release|x64.ActiveCfg = Release|x64
		{FB42BC17-4E9A-4DE9-906F-B2CAE0894E33}.Release|x64.Build.0 = Release|x64
		{FB42BC17-4E9A-4DE9-906F-B2CAE0894E33}.Release|x86.ActiveCfg = Release|Win32
		{FB42BC17-4E9A-4DE9-906F-B2CAE0894E33}.Release|x86.Build.0 = Release|Win32
		{F24F40F3-C898-4971-9934-A96E94CF5AFD}.Debug|x64.ActiveCfg = Debug|x64
		{F24F40F3-C898-4971-9934-A96E94CF5AFD}.Debug|x64.Build.0 = Debug|x64
		{F24F40F3-C898-4971-9934-A96E94CF5AFD}.Debug|x86.ActiveCfg = Debug|Win32
		{F24F40F3-C898-4971-9934-A96E94CF5AFD}.Debug|x86.Build.0 = Debug|Win32
		{F24F40F3-C898-4971-9934-A96E94CF5AFD}.Release|x64.ActiveCfg = Release|x64
		{F24F40F3-C898-4971-9934-A96E94CF5AFD}.Release|x64.Build.0 = Release|x64
		{F24F40F3-C898-4971-9934-A96E94CF5AFD}.Release|x86.ActiveCfg = Release|Win32
		{F24F40F3-C898-4971-9934-A96E94CF5AFD}.Release|x86.Build.0 = Release|Win32
		{2A371379-BB24-4194-A80E-424A3EC60061}.Debug|x64.ActiveCfg = Debug|x64
		{2A371379-BB24-4194-A80E-424A3EC60061}.Debug|x64.Build.0 = Debug|x64
		{2A371379-BB24-4194-A80E-424A3EC60061}.Debug|x86.ActiveCfg = Debug|Win32
		{2A371379-BB24-4194-A80E-424A3EC60061}.Debug|x86.Build.0 = Debug|Win32
		{2A371379-BB24-4194-A80E-424A3EC60061}.Release|x64.ActiveCfg = Release|x64
		{2A371379-BB24-4194-A80E-424A3EC60061}.Release|x64.Build.0 = Release|x64
		{2A371379-BB24-4194-A80E-424A3EC60061}.Release|x86.ActiveCfg = Release|Win32
		{2A371379-BB24-4194-A80E-424A3EC60061}.Release|x86.Build.0 = Release|Win32
		{E0454F17-BD35-4894-AF3E-80F0B6F7E943}.Debug|x64.ActiveCfg = Debug|x64
		{E0454F17-BD35-4894-AF3E-80F0B6F7E943}.Debug|x64.Build.0 = Debug|x64
		{E0454F17-BD35-4894-AF3E-80F0B6F7E943}.Debug|x86.ActiveCfg = Debug|Win32
		{E0454F17-BD35-4894-AF3E-80F0B6F7E943}.Debug|x86.Build.0 = Debug|Win32
		{E0454F17-BD35-4894-AF3E-80F0B6F7E943}.Release|x64.ActiveCfg = Release|x64
		{E0454F17-BD35-4894-AF3E-80F0B6F7E943}.Release|x64.Build.0 = Release|x64
		{E0454F17-BD35-4894-AF3E-80F0B6F7E943}.Release|x86.ActiveCfg = Release|Win32
		{E0454F17-BD35-4894-AF3E-80F0B6F7E943}.Release|x86.Build.0 = Release|Win32
	EndGlobalSection
	GlobalSection(SolutionProperties) = preSolution
		HideSolutionNode = FALSE
	EndGlobalSection
	GlobalSection(NestedProjects) = preSolution
		{F3692FDA-370B-46B8-81E9-13927FDEAEA0} = {C509A009-A1C6-4774-94D6-5E65A28854A7}
		{3142CD36-11A8-4426-B2CF-7B2B62835DCD} = {C509A009-A1C6-4774-94D6-5E65A28854A7}
		{AB8A6709-2590-41F8-B79D-062978941F93} = {C509A009-A1C6-4774-94D6-5E65A28854A7}
		{F865BDDC-9E9F-4CA8-938D-2271E66DFD72} = {C509A009-A1C6-4774-94D6-5E65A28854A7}
		{05E744B9-BAC5-4284-A9C3-E0BDFE415749} = {C509A009-A1C6-4774-94D6-5E65A28854A7}
		{A225FBE8-8D70-4891-AEC8-E80C5BA3C55B} = {C509A009-A1C6-4774-94D6-5E65A28854A7}
		{C96F8036-1693-4C5F-9E7D-3CAF5EFDAC4D} = {C509A009-A1C6-4774-94D6-5E65A28854A7}
		{69B996D6-3F81-41BE-ADA3-45AF0F857100} = {C509A009-A1C6-4774-94D6-5E65A28854A7}
		{AD3AE586-0249-4BB9-9E25-421997C886E2} = {C509A009-A1C6-4774-94D6-5E65A28854A7}
		{8BFA53C0-D989-4DF1-BC50-E683024453B9} = {C509A009-A1C6-4774-94D6-5E65A28854A7}
		{F8365141-3C35-48F9-BF87-3927570A11A2} = {C509A009-A1C6-4774-94D6-5E65A28854A7}
		{916EBEA9-713D-4F5E-AD4B-E6329B147FA4} = {C509A009-A1C6-4774-94D6-5E65A28854A7}
		{8E1CA2DB-481E-4C17-8FCF-63CF55776F41} = {C509A009-A1C6-4774-94D6-5E65A28854A7}
		{5ECA0A73-3A7C-4488-9A5C-7B5448F2D8DD} = {C509A009-A1C6-4774-94D6-5E65A28854A7}
		{3E0C6F44-F335-4F41-AAF5-8C23D40BA39E} = {C509A009-A1C6-4774-94D6-5E65A28854A7}
		{AC0AB067-7351-4C67-A077-ACBA98D4F8BF} = {C509A009-A1C6-4774-94D6-5E65A28854A7}
		{6E4B6C7F-AF1A-4FD0-9288-CC0CC1BFB060} = {C509A009-A1C6-4774-94D6-5E65A28854A7}
		{87C6DF01-712C-4A00-9092-C54A4490CF8B} = {C509A009-A1C6-4774-94D6-5E65A28854A7}
		{0924235D-D79D-4513-8E07-B107B312E49A} = {C509A009-A1C6-4774-94D6-5E65A28854A7}
		{8C14096D-F04B-4BBE-9574-72CC9F57FFE8} = {C509A009-A1C6-4774-94D6-5E65A28854A7}
		{0965AE4B-01B2-4EF6-B3FD-42E821C9E156} = {C509A009-A1C6-4774-94D6-5E65A28854A7}
		{015E133E-BED6-4954-90D7-BC5BBB13A725} = {C509A009-A1C6-4774-94D6-5E65A28854A7}
		{BC2BD2B4-AA30-4882-B195-385B9928ABB6} = {C509A009-A1C6-4774-94D6-5E65A28854A7}
		{BDB69E0A-472F-4844-AC8B-85F11D469DB8} = {C509A009-A1C6-4774-94D6-5E65A28854A7}
		{566D7374-4097-46B0-B1EB-74F314425F46} = {C509A009-A1C6-4774-94D6-5E65A28854A7}
		{83D03747-BBFC-4489-930A-F30D9CF1DA12} = {C509A009-A1C6-4774-94D6-5E65A28854A7}
		{064C7E5D-88AF-4ADE-A6CC-6F2EC6CBDDFD} = {C509A009-A1C6-4774-94D6-5E65A28854A7}
		{FB42BC17-4E9A-4DE9-906F-B2CAE0894E33} = {C509A009-A1C6-4774-94D6-5E65A28854A7}
		{F24F40F3-C898-4971-9934-A96E94CF5AFD} = {C509A009-A1C6-4774-94D6-5E65A28854A7}
		{2A371379-BB24-4194-A80E-424A3EC60061} = {C509A009-A1C6-4774-94D6-5E65A28854A7}
		{E0454F17-BD35-4894-AF3E-80F0B6F7E943} = {C509A009-A1C6-4774-94D6-5E65A28854A7}
	EndGlobalSection
EndGlobal
