<?xml version="1.0" encoding="utf-8"?>
<Project ToolsVersion="4.0" xmlns="http://schemas.microsoft.com/developer/msbuild/2003">
  <ItemGroup>
    <ClCompile Include="playCommon.cpp">
      <Filter>Source Files</Filter>
    </ClCompile>
    <ClCompile Include="playSIP.cpp">
      <Filter>Source Files</Filter>
    </ClCompile>
  </ItemGroup>
  <ItemGroup>
    <Filter Include="Header Files">
      <UniqueIdentifier>{0b24cc32-6b3c-44a6-a7ac-92a8fa0493f4}</UniqueIdentifier>
    </Filter>
    <Filter Include="Source Files">
      <UniqueIdentifier>{78486aed-8e17-4bad-bb95-f00b9d413d98}</UniqueIdentifier>
    </Filter>
  </ItemGroup>
  <ItemGroup>
    <ClInclude Include="playCommon.hh">
      <Filter>Header Files</Filter>
    </ClInclude>
  </ItemGroup>
</Project>